
Microsoft Visual Studio Solution File, Format Version 12.00
# Visual Studio Version 16
VisualStudioVersion = 16.0.29215.179
MinimumVisualStudioVersion = 10.0.40219.1
Project("{FAE04EC0-301F-11D3-BF4B-00C04F79EFBC}") = "BCS426Homework1DLL", "BCS426Homework1DLL\BCS426Homework1DLL.csproj", "{F4FA300A-9FE1-400E-8102-76E852BE59BD}"
EndProject
Global
	GlobalSection(SolutionConfigurationPlatforms) = preSolution
		Debug|Any CPU = Debug|Any CPU
		Release|Any CPU = Release|Any CPU
	EndGlobalSection
	GlobalSection(ProjectConfigurationPlatforms) = postSolution
		{F4FA300A-9FE1-400E-8102-76E852BE59BD}.Debug|Any CPU.ActiveCfg = Debug|Any CPU
		{F4FA300A-9FE1-400E-8102-76E852BE59BD}.Debug|Any CPU.Build.0 = Debug|Any CPU
		{F4FA300A-9FE1-400E-8102-76E852BE59BD}.Release|Any CPU.ActiveCfg = Release|Any CPU
		{F4FA300A-9FE1-400E-8102-76E852BE59BD}.Release|Any CPU.Build.0 = Release|Any CPU
	EndGlobalSection
	GlobalSection(SolutionProperties) = preSolution
		HideSolutionNode = FALSE
	EndGlobalSection
	GlobalSection(ExtensibilityGlobals) = postSolution
		SolutionGuid = {4581D811-8FD2-417F-A244-0AC0C02AE476}
	EndGlobalSection
EndGlobal
